{
  "version": 4,
  "terraform_version": "1.0.7",
  "serial": 31,
  "lineage": "2d9e5a01-27e5-521c-67ae-078f44aafe0b",
  "outputs": {
    "eks_cluster_certificate_authority": {
      "value": [
        {
          "data": "LS0tLS1CRUdJTiBDRVJUSUZJQ0FURS0tLS0tCk1JSUM1ekNDQWMrZ0F3SUJBZ0lCQURBTkJna3Foa2lHOXcwQkFRc0ZBREFWTVJNd0VRWURWUVFERXdwcmRXSmwKY201bGRHVnpNQjRYRFRJeE1Ea3pNREU0TWpjd04xb1hEVE14TURreU9ERTRNamN3TjFvd0ZURVRNQkVHQTFVRQpBeE1LYTNWaVpYSnVaWFJsY3pDQ0FTSXdEUVlKS29aSWh2Y05BUUVCQlFBRGdnRVBBRENDQVFvQ2dnRUJBT2dsCldndkYrNHkvb3ZFUW43cmh3SWFvbHVhVWt6QndodUljMU5RVDZLVHZhTk1zeEl4T0VDSEVTTW1DTDcxQ1V3STUKY3VYOTVzeEZpYVR3amVIVmM4eUlTTkJQZHBiSDZxL3YxSkJxYkhpck1ncHpBSjJMS081MGVtUTRkb0xEdllLYwp1c3VPWFlIL3FUTnBaOWo3L2NwV2VZdEYzNUJwQ0pFdkUyNnVWRjBVcURzeWFyaFd4QXAvQTdYWk8wcmIrbE9LCk9EODBHWVhpQWM3UUVrZ09lQ0ZYSzZRRnRzTCs0eDloTnpnYWhwVmt2SmgzTE1FRjhWdG1hWFRCMWloRHVROGsKTE83dDVEN0pwS1p3aC9SZHNlL1B6Vk0wbjFwVWsybjBuWHM4MUdkL2c0dU43OU9va3hjdE5ocmFoTS9QdlByUApZWnZBRC80dXVEWlIwMzhBMDZzQ0F3RUFBYU5DTUVBd0RnWURWUjBQQVFIL0JBUURBZ0trTUE4R0ExVWRFd0VCCi93UUZNQU1CQWY4d0hRWURWUjBPQkJZRUZQRGNvM1BORmdxSnAzMU5ZcXd3WXBFZWM0NXBNQTBHQ1NxR1NJYjMKRFFFQkN3VUFBNElCQVFDQ25IeXZPaFVBS2o3a0g5YlZLdzVMWWpPeHN0MUNEY3g0MHB5OGZqUVd0SE9lRUtoSApFKzFzZ0RYelpVemFBR0NlMjlkWjZmNytlMW5nU3NRR292Wkxuck9nbHFVUGlhbWJBSml1dmRLWTViY3MzY2xHCmVKRkdyWFFaUEZRaEZHRE8ySGIwYUMvTzFJY3ZRbnhlajM1aDB6MDZWWE91REpodkNNTFpnQTFTNi9XWmQvVGIKQUZmRXpHV3JNRDUyM2FYOXJFQncwdWp1NE8xdDdBaWRscGk2M3FiYW5kL29sWjVQQzZ2ZWx3YjQ2WFlONytiWgo1bmZMMFhKcitBTmVESzM0alpZRXdzOS9zZjUvMHAvaHROZEdLQlJnZEJoOGRQYWE1RWNlaURGL1JUbW5zT3FyCnhhZmd3M3BvMVV5dkxoTDhRSFArVWk5R1JELzZaYXJRQWQreAotLS0tLUVORCBDRVJUSUZJQ0FURS0tLS0tCg=="
        }
      ],
      "type": [
        "list",
        [
          "object",
          {
            "data": "string"
          }
        ]
      ]
    },
    "eks_cluster_endpoint": {
      "value": "https://CE8529795D63E3FB6E72699F0B3E8264.gr7.us-east-1.eks.amazonaws.com",
      "type": "string"
    }
  },
  "resources": [
    {
      "mode": "managed",
      "type": "aws_eks_cluster",
      "name": "aws_eks",
      "provider": "provider[\"registry.terraform.io/hashicorp/aws\"]",
      "instances": [
        {
          "schema_version": 0,
          "attributes": {
            "arn": "arn:aws:eks:us-east-1:450882069837:cluster/aws_eks_cluster",
            "certificate_authority": [
              {
                "data": "LS0tLS1CRUdJTiBDRVJUSUZJQ0FURS0tLS0tCk1JSUM1ekNDQWMrZ0F3SUJBZ0lCQURBTkJna3Foa2lHOXcwQkFRc0ZBREFWTVJNd0VRWURWUVFERXdwcmRXSmwKY201bGRHVnpNQjRYRFRJeE1Ea3pNREU0TWpjd04xb1hEVE14TURreU9ERTRNamN3TjFvd0ZURVRNQkVHQTFVRQpBeE1LYTNWaVpYSnVaWFJsY3pDQ0FTSXdEUVlKS29aSWh2Y05BUUVCQlFBRGdnRVBBRENDQVFvQ2dnRUJBT2dsCldndkYrNHkvb3ZFUW43cmh3SWFvbHVhVWt6QndodUljMU5RVDZLVHZhTk1zeEl4T0VDSEVTTW1DTDcxQ1V3STUKY3VYOTVzeEZpYVR3amVIVmM4eUlTTkJQZHBiSDZxL3YxSkJxYkhpck1ncHpBSjJMS081MGVtUTRkb0xEdllLYwp1c3VPWFlIL3FUTnBaOWo3L2NwV2VZdEYzNUJwQ0pFdkUyNnVWRjBVcURzeWFyaFd4QXAvQTdYWk8wcmIrbE9LCk9EODBHWVhpQWM3UUVrZ09lQ0ZYSzZRRnRzTCs0eDloTnpnYWhwVmt2SmgzTE1FRjhWdG1hWFRCMWloRHVROGsKTE83dDVEN0pwS1p3aC9SZHNlL1B6Vk0wbjFwVWsybjBuWHM4MUdkL2c0dU43OU9va3hjdE5ocmFoTS9QdlByUApZWnZBRC80dXVEWlIwMzhBMDZzQ0F3RUFBYU5DTUVBd0RnWURWUjBQQVFIL0JBUURBZ0trTUE4R0ExVWRFd0VCCi93UUZNQU1CQWY4d0hRWURWUjBPQkJZRUZQRGNvM1BORmdxSnAzMU5ZcXd3WXBFZWM0NXBNQTBHQ1NxR1NJYjMKRFFFQkN3VUFBNElCQVFDQ25IeXZPaFVBS2o3a0g5YlZLdzVMWWpPeHN0MUNEY3g0MHB5OGZqUVd0SE9lRUtoSApFKzFzZ0RYelpVemFBR0NlMjlkWjZmNytlMW5nU3NRR292Wkxuck9nbHFVUGlhbWJBSml1dmRLWTViY3MzY2xHCmVKRkdyWFFaUEZRaEZHRE8ySGIwYUMvTzFJY3ZRbnhlajM1aDB6MDZWWE91REpodkNNTFpnQTFTNi9XWmQvVGIKQUZmRXpHV3JNRDUyM2FYOXJFQncwdWp1NE8xdDdBaWRscGk2M3FiYW5kL29sWjVQQzZ2ZWx3YjQ2WFlONytiWgo1bmZMMFhKcitBTmVESzM0alpZRXdzOS9zZjUvMHAvaHROZEdLQlJnZEJoOGRQYWE1RWNlaURGL1JUbW5zT3FyCnhhZmd3M3BvMVV5dkxoTDhRSFArVWk5R1JELzZaYXJRQWQreAotLS0tLUVORCBDRVJUSUZJQ0FURS0tLS0tCg=="
              }
            ],
            "created_at": "2021-09-30 18:20:02.79 +0000 UTC",
            "enabled_cluster_log_types": null,
            "encryption_config": [],
            "endpoint": "https://CE8529795D63E3FB6E72699F0B3E8264.gr7.us-east-1.eks.amazonaws.com",
            "id": "aws_eks_cluster",
            "identity": [
              {
                "oidc": [
                  {
                    "issuer": "https://oidc.eks.us-east-1.amazonaws.com/id/CE8529795D63E3FB6E72699F0B3E8264"
                  }
                ]
              }
            ],
            "kubernetes_network_config": [
              {
                "service_ipv4_cidr": "10.100.0.0/16"
              }
            ],
            "name": "aws_eks_cluster",
            "platform_version": "eks.2",
            "role_arn": "arn:aws:iam::450882069837:role/eks-cluster",
            "status": "ACTIVE",
            "tags": {
              "Name": "EKS_cluster"
            },
            "tags_all": {
              "Name": "EKS_cluster"
            },
            "timeouts": null,
            "version": "1.21",
            "vpc_config": [
              {
                "cluster_security_group_id": "sg-091dcb4131d5681de",
                "endpoint_private_access": false,
                "endpoint_public_access": true,
                "public_access_cidrs": [
                  "0.0.0.0/0"
                ],
                "security_group_ids": null,
                "subnet_ids": [
                  "\tsubnet-03a0f7af98aa38a57",
                  "subnet-0499d6406813cc27e"
                ],
                "vpc_id": "vpc-0043dcf07645aa860"
              }
            ]
          },
          "sensitive_attributes": [],
          "private": "eyJlMmJmYjczMC1lY2FhLTExZTYtOGY4OC0zNDM2M2JjN2M0YzAiOnsiY3JlYXRlIjoxODAwMDAwMDAwMDAwLCJkZWxldGUiOjkwMDAwMDAwMDAwMCwidXBkYXRlIjozNjAwMDAwMDAwMDAwfX0=",
          "dependencies": [
            "aws_iam_role.eks_cluster"
          ]
        }
      ]
    },
    {
      "mode": "managed",
      "type": "aws_eks_node_group",
      "name": "node",
      "provider": "provider[\"registry.terraform.io/hashicorp/aws\"]",
      "instances": [
        {
          "schema_version": 0,
          "attributes": {
            "ami_type": "AL2_x86_64",
            "arn": "arn:aws:eks:us-east-1:450882069837:nodegroup/aws_eks_cluster/aws_eks_node/12be1bfd-6ce2-8753-cd54-54a7e1cfa107",
            "capacity_type": "ON_DEMAND",
            "cluster_name": "aws_eks_cluster",
            "disk_size": 20,
            "force_update_version": null,
            "id": "aws_eks_cluster:aws_eks_node",
            "instance_types": [
              "t3.medium"
            ],
            "labels": null,
            "launch_template": [],
            "node_group_name": "aws_eks_node",
            "node_group_name_prefix": "",
            "node_role_arn": "arn:aws:iam::450882069837:role/eks-node-group-tuto",
            "release_version": "1.21.2-20210914",
            "remote_access": [],
            "resources": [
              {
                "autoscaling_groups": [
                  {
                    "name": "eks-aws_eks_node-12be1bfd-6ce2-8753-cd54-54a7e1cfa107"
                  }
                ],
                "remote_access_security_group_id": ""
              }
            ],
            "scaling_config": [
              {
                "desired_size": 3,
                "max_size": 10,
                "min_size": 1
              }
            ],
            "status": "ACTIVE",
            "subnet_ids": [
              "subnet-03a0f7af98aa38a57",
              "subnet-0499d6406813cc27e"
            ],
            "tags": null,
            "tags_all": {},
            "taint": [],
            "timeouts": null,
            "update_config": [
              {
                "max_unavailable": 1,
                "max_unavailable_percentage": 0
              }
            ],
            "version": "1.21"
          },
          "sensitive_attributes": [],
          "private": "eyJlMmJmYjczMC1lY2FhLTExZTYtOGY4OC0zNDM2M2JjN2M0YzAiOnsiY3JlYXRlIjozNjAwMDAwMDAwMDAwLCJkZWxldGUiOjM2MDAwMDAwMDAwMDAsInVwZGF0ZSI6MzYwMDAwMDAwMDAwMH19",
          "dependencies": [
            "aws_eks_cluster.aws_eks",
            "aws_iam_role.eks_cluster",
            "aws_iam_role.eks_nodes",
            "aws_iam_role_policy_attachment.AmazonEC2ContainerRegistryReadOnly",
            "aws_iam_role_policy_attachment.AmazonEKSWorkerNodePolicy",
            "aws_iam_role_policy_attachment.AmazonEKS_CNI_Policy"
          ]
        }
      ]
    },
    {
      "mode": "managed",
      "type": "aws_iam_role",
      "name": "eks_cluster",
      "provider": "provider[\"registry.terraform.io/hashicorp/aws\"]",
      "instances": [
        {
          "schema_version": 0,
          "attributes": {
            "arn": "arn:aws:iam::450882069837:role/eks-cluster",
            "assume_role_policy": "{\"Version\":\"2012-10-17\",\"Statement\":[{\"Effect\":\"Allow\",\"Principal\":{\"Service\":\"eks.amazonaws.com\"},\"Action\":\"sts:AssumeRole\"}]}",
            "create_date": "2021-09-30T17:49:47Z",
            "description": "",
            "force_detach_policies": false,
            "id": "eks-cluster",
            "inline_policy": [
              {
                "name": "",
                "policy": ""
              }
            ],
            "managed_policy_arns": [
              "arn:aws:iam::aws:policy/AmazonEKSClusterPolicy",
              "arn:aws:iam::aws:policy/AmazonEKSServicePolicy"
            ],
            "max_session_duration": 3600,
            "name": "eks-cluster",
            "name_prefix": "",
            "path": "/",
            "permissions_boundary": null,
            "tags": {},
            "tags_all": {},
            "unique_id": "AROAWR6VKMVGX5V5OHTSJ"
          },
          "sensitive_attributes": [],
          "private": "bnVsbA=="
        }
      ]
    },
    {
      "mode": "managed",
      "type": "aws_iam_role",
      "name": "eks_nodes",
      "provider": "provider[\"registry.terraform.io/hashicorp/aws\"]",
      "instances": [
        {
          "schema_version": 0,
          "attributes": {
            "arn": "arn:aws:iam::450882069837:role/eks-node-group-tuto",
            "assume_role_policy": "{\"Version\":\"2012-10-17\",\"Statement\":[{\"Effect\":\"Allow\",\"Principal\":{\"Service\":\"ec2.amazonaws.com\"},\"Action\":\"sts:AssumeRole\"}]}",
            "create_date": "2021-09-30T17:49:46Z",
            "description": "",
            "force_detach_policies": false,
            "id": "eks-node-group-tuto",
            "inline_policy": [
              {
                "name": "",
                "policy": ""
              }
            ],
            "managed_policy_arns": [
              "arn:aws:iam::aws:policy/AmazonEC2ContainerRegistryReadOnly",
              "arn:aws:iam::aws:policy/AmazonEKSWorkerNodePolicy",
              "arn:aws:iam::aws:policy/AmazonEKS_CNI_Policy"
            ],
            "max_session_duration": 3600,
            "name": "eks-node-group-tuto",
            "name_prefix": "",
            "path": "/",
            "permissions_boundary": null,
            "tags": {},
            "tags_all": {},
            "unique_id": "AROAWR6VKMVGZLP5J6ZET"
          },
          "sensitive_attributes": [],
          "private": "bnVsbA=="
        }
      ]
    },
    {
      "mode": "managed",
      "type": "aws_iam_role_policy_attachment",
      "name": "AmazonEC2ContainerRegistryReadOnly",
      "provider": "provider[\"registry.terraform.io/hashicorp/aws\"]",
      "instances": [
        {
          "schema_version": 0,
          "attributes": {
            "id": "eks-node-group-tuto-20210930174953966500000001",
            "policy_arn": "arn:aws:iam::aws:policy/AmazonEC2ContainerRegistryReadOnly",
            "role": "eks-node-group-tuto"
          },
          "sensitive_attributes": [],
          "private": "bnVsbA==",
          "dependencies": [
            "aws_iam_role.eks_nodes"
          ]
        }
      ]
    },
    {
      "mode": "managed",
      "type": "aws_iam_role_policy_attachment",
      "name": "AmazonEKSClusterPolicy",
      "provider": "provider[\"registry.terraform.io/hashicorp/aws\"]",
      "instances": [
        {
          "schema_version": 0,
          "attributes": {
            "id": "eks-cluster-20210930174956106700000004",
            "policy_arn": "arn:aws:iam::aws:policy/AmazonEKSClusterPolicy",
            "role": "eks-cluster"
          },
          "sensitive_attributes": [],
          "private": "bnVsbA==",
          "dependencies": [
            "aws_iam_role.eks_cluster"
          ]
        }
      ]
    },
    {
      "mode": "managed",
      "type": "aws_iam_role_policy_attachment",
      "name": "AmazonEKSServicePolicy",
      "provider": "provider[\"registry.terraform.io/hashicorp/aws\"]",
      "instances": [
        {
          "schema_version": 0,
          "attributes": {
            "id": "eks-cluster-20210930174957478900000005",
            "policy_arn": "arn:aws:iam::aws:policy/AmazonEKSServicePolicy",
            "role": "eks-cluster"
          },
          "sensitive_attributes": [],
          "private": "bnVsbA==",
          "dependencies": [
            "aws_iam_role.eks_cluster"
          ]
        }
      ]
    },
    {
      "mode": "managed",
      "type": "aws_iam_role_policy_attachment",
      "name": "AmazonEKSWorkerNodePolicy",
      "provider": "provider[\"registry.terraform.io/hashicorp/aws\"]",
      "instances": [
        {
          "schema_version": 0,
          "attributes": {
            "id": "eks-node-group-tuto-20210930174954366700000003",
            "policy_arn": "arn:aws:iam::aws:policy/AmazonEKSWorkerNodePolicy",
            "role": "eks-node-group-tuto"
          },
          "sensitive_attributes": [],
          "private": "bnVsbA==",
          "dependencies": [
            "aws_iam_role.eks_nodes"
          ]
        }
      ]
    },
    {
      "mode": "managed",
      "type": "aws_iam_role_policy_attachment",
      "name": "AmazonEKS_CNI_Policy",
      "provider": "provider[\"registry.terraform.io/hashicorp/aws\"]",
      "instances": [
        {
          "schema_version": 0,
          "attributes": {
            "id": "eks-node-group-tuto-20210930174954106400000002",
            "policy_arn": "arn:aws:iam::aws:policy/AmazonEKS_CNI_Policy",
            "role": "eks-node-group-tuto"
          },
          "sensitive_attributes": [],
          "private": "bnVsbA==",
          "dependencies": [
            "aws_iam_role.eks_nodes"
          ]
        }
      ]
    }
  ]
}
